# THIS IS AN AUTOGENERATED FILE. DO NOT EDIT THIS FILE DIRECTLY.
# yarn lockfile v1


path-to-regexp@^6.1.0:
  version "6.1.0"
  resolved "http://192.168.20.8:802/path-to-regexp/-/path-to-regexp-6.1.0.tgz#0b18f88b7a0ce0bfae6a25990c909ab86f512427"
  integrity sha1-Cxj4i3oM4L+uaiWZDJCauG9RJCc=

universal-router@^9.0.1:
  version "9.0.1"
  resolved "http://192.168.20.8:802/universal-router/-/universal-router-9.0.1.tgz#1f4cdd51a45f9e989e40a556a71a2c134552afea"
  integrity sha1-H0zdUaRfnpieQKVWpxosE0VSr+o=
  dependencies:
    path-to-regexp "^6.1.0"
